
Microsoft Visual Studio Solution File, Format Version 12.00
# Visual Studio Version 16
VisualStudioVersion = 16.0.31025.194
MinimumVisualStudioVersion = 10.0.40219.1
Project("{9A19103F-16F7-4668-BE54-9A1E7A4F7556}") = "GamesStore", "GamesStore\GamesStore.csproj", "{6DF94C33-FE1E-4B06-ADA4-45E45529D2E8}"
EndProject
Project("{9A19103F-16F7-4668-BE54-9A1E7A4F7556}") = "Model", "Models\Model.csproj", "{F9E97DEE-CA89-4A45-A8F9-24C54E668C6F}"
EndProject
Project("{9A19103F-16F7-4668-BE54-9A1E7A4F7556}") = "Constants", "Constants\Constants.csproj", "{6FF28199-AA26-4CA2-94FC-3DE5EB3A4242}"
EndProject
Project("{9A19103F-16F7-4668-BE54-9A1E7A4F7556}") = "Data", "Data\Data.csproj", "{540963AD-6561-4495-BE78-385684FDEF5D}"
EndProject
Global
	GlobalSection(SolutionConfigurationPlatforms) = preSolution
		Debug|Any CPU = Debug|Any CPU
		Release|Any CPU = Release|Any CPU
	EndGlobalSection
	GlobalSection(ProjectConfigurationPlatforms) = postSolution
		{6DF94C33-FE1E-4B06-ADA4-45E45529D2E8}.Debug|Any CPU.ActiveCfg = Debug|Any CPU
		{6DF94C33-FE1E-4B06-ADA4-45E45529D2E8}.Debug|Any CPU.Build.0 = Debug|Any CPU
		{6DF94C33-FE1E-4B06-ADA4-45E45529D2E8}.Release|Any CPU.ActiveCfg = Release|Any CPU
		{6DF94C33-FE1E-4B06-ADA4-45E45529D2E8}.Release|Any CPU.Build.0 = Release|Any CPU
		{F9E97DEE-CA89-4A45-A8F9-24C54E668C6F}.Debug|Any CPU.ActiveCfg = Debug|Any CPU
		{F9E97DEE-CA89-4A45-A8F9-24C54E668C6F}.Debug|Any CPU.Build.0 = Debug|Any CPU
		{F9E97DEE-CA89-4A45-A8F9-24C54E668C6F}.Release|Any CPU.ActiveCfg = Release|Any CPU
		{F9E97DEE-CA89-4A45-A8F9-24C54E668C6F}.Release|Any CPU.Build.0 = Release|Any CPU
		{6FF28199-AA26-4CA2-94FC-3DE5EB3A4242}.Debug|Any CPU.ActiveCfg = Debug|Any CPU
		{6FF28199-AA26-4CA2-94FC-3DE5EB3A4242}.Debug|Any CPU.Build.0 = Debug|Any CPU
		{6FF28199-AA26-4CA2-94FC-3DE5EB3A4242}.Release|Any CPU.ActiveCfg = Release|Any CPU
		{6FF28199-AA26-4CA2-94FC-3DE5EB3A4242}.Release|Any CPU.Build.0 = Release|Any CPU
		{540963AD-6561-4495-BE78-385684FDEF5D}.Debug|Any CPU.ActiveCfg = Debug|Any CPU
		{540963AD-6561-4495-BE78-385684FDEF5D}.Debug|Any CPU.Build.0 = Debug|Any CPU
		{540963AD-6561-4495-BE78-385684FDEF5D}.Release|Any CPU.ActiveCfg = Release|Any CPU
		{540963AD-6561-4495-BE78-385684FDEF5D}.Release|Any CPU.Build.0 = Release|Any CPU
	EndGlobalSection
	GlobalSection(SolutionProperties) = preSolution
		HideSolutionNode = FALSE
	EndGlobalSection
	GlobalSection(ExtensibilityGlobals) = postSolution
		SolutionGuid = {F3C76201-1FCF-4BDA-91A8-D6C661BEFAD9}
	EndGlobalSection
EndGlobal
